
Microsoft Visual Studio Solution File, Format Version 12.00
# Visual Studio Version 16
VisualStudioVersion = 16.0.30503.244
MinimumVisualStudioVersion = 10.0.40219.1
Project("{FAE04EC0-301F-11D3-BF4B-00C04F79EFBC}") = "adventureInText", "adventureInText\adventureInText.csproj", "{679FE496-1934-4EF1-A9A8-7ED2C1C562DF}"
EndProject
Global
	GlobalSection(SolutionConfigurationPlatforms) = preSolution
		Debug|Any CPU = Debug|Any CPU
		Release|Any CPU = Release|Any CPU
	EndGlobalSection
	GlobalSection(ProjectConfigurationPlatforms) = postSolution
		{679FE496-1934-4EF1-A9A8-7ED2C1C562DF}.Debug|Any CPU.ActiveCfg = Debug|Any CPU
		{679FE496-1934-4EF1-A9A8-7ED2C1C562DF}.Debug|Any CPU.Build.0 = Debug|Any CPU
		{679FE496-1934-4EF1-A9A8-7ED2C1C562DF}.Release|Any CPU.ActiveCfg = Release|Any CPU
		{679FE496-1934-4EF1-A9A8-7ED2C1C562DF}.Release|Any CPU.Build.0 = Release|Any CPU
	EndGlobalSection
	GlobalSection(SolutionProperties) = preSolution
		HideSolutionNode = FALSE
	EndGlobalSection
	GlobalSection(ExtensibilityGlobals) = postSolution
		SolutionGuid = {2442019C-6669-40A9-B198-58D6F4A856B5}
	EndGlobalSection
EndGlobal
